// !$*UTF8*$!
{
	archiveVersion = 1;
	classes = {
	};
	objectVersion = 50;
	objects = {

/* Begin PBXBuildFile section */
		A09497DD254B557C00A1393A /* AppDelegate.swift in Sources */ = {isa = PBXBuildFile; fileRef = A09497DC254B557C00A1393A /* AppDelegate.swift */; };
		A09497DF254B557C00A1393A /* SceneDelegate.swift in Sources */ = {isa = PBXBuildFile; fileRef = A09497DE254B557C00A1393A /* SceneDelegate.swift */; };
		A09497E1254B557C00A1393A /* ViewController.swift in Sources */ = {isa = PBXBuildFile; fileRef = A09497E0254B557C00A1393A /* ViewController.swift */; };
		A09497E4254B557C00A1393A /* Main.storyboard in Resources */ = {isa = PBXBuildFile; fileRef = A09497E2254B557C00A1393A /* Main.storyboard */; };
		A09497E6254B557D00A1393A /* Assets.xcassets in Resources */ = {isa = PBXBuildFile; fileRef = A09497E5254B557D00A1393A /* Assets.xcassets */; };
		A09497E9254B557D00A1393A /* LaunchScreen.storyboard in Resources */ = {isa = PBXBuildFile; fileRef = A09497E7254B557D00A1393A /* LaunchScreen.storyboard */; };
		A09497F3254B56F800A1393A /* GradientTableViewCell.swift in Sources */ = {isa = PBXBuildFile; fileRef = A09497F1254B56F800A1393A /* GradientTableViewCell.swift */; };
		A09497F4254B56F800A1393A /* GradientTableViewCell.xib in Resources */ = {isa = PBXBuildFile; fileRef = A09497F2254B56F800A1393A /* GradientTableViewCell.xib */; };
/* End PBXBuildFile section */

/* Begin PBXFileReference section */
		A09497D9254B557C00A1393A /* gradient.app */ = {isa = PBXFileReference; explicitFileType = wrapper.application; includeInIndex = 0; path = gradient.app; sourceTree = BUILT_PRODUCTS_DIR; };
		A09497DC254B557C00A1393A /* AppDelegate.swift */ = {isa = PBXFileReference; lastKnownFileType = sourcecode.swift; path = AppDelegate.swift; sourceTree = "<group>"; };
		A09497DE254B557C00A1393A /* SceneDelegate.swift */ = {isa = PBXFileReference; lastKnownFileType = sourcecode.swift; path = SceneDelegate.swift; sourceTree = "<group>"; };
		A09497E0254B557C00A1393A /* ViewController.swift */ = {isa = PBXFileReference; lastKnownFileType = sourcecode.swift; path = ViewController.swift; sourceTree = "<group>"; };
		A09497E3254B557C00A1393A /* Base */ = {isa = PBXFileReference; lastKnownFileType = file.storyboard; name = Base; path = Base.lproj/Main.storyboard; sourceTree = "<group>"; };
		A09497E5254B557D00A1393A /* Assets.xcassets */ = {isa = PBXFileReference; lastKnownFileType = folder.assetcatalog; path = Assets.xcassets; sourceTree = "<group>"; };
		A09497E8254B557D00A1393A /* Base */ = {isa = PBXFileReference; lastKnownFileType = file.storyboard; name = Base; path = Base.lproj/LaunchScreen.storyboard; sourceTree = "<group>"; };
		A09497EA254B557D00A1393A /* Info.plist */ = {isa = PBXFileReference; lastKnownFileType = text.plist.xml; path = Info.plist; sourceTree = "<group>"; };
		A09497F1254B56F800A1393A /* GradientTableViewCell.swift */ = {isa = PBXFileReference; lastKnownFileType = sourcecode.swift; path = GradientTableViewCell.swift; sourceTree = "<group>"; };
		A09497F2254B56F800A1393A /* GradientTableViewCell.xib */ = {isa = PBXFileReference; lastKnownFileType = file.xib; path = GradientTableViewCell.xib; sourceTree = "<group>"; };
/* End PBXFileReference section */

/* Begin PBXFrameworksBuildPhase section */
		A09497D6254B557C00A1393A /* Frameworks */ = {
			isa = PBXFrameworksBuildPhase;
			buildActionMask = 2147483647;
			files = (
			);
			runOnlyForDeploymentPostprocessing = 0;
		};
/* End PBXFrameworksBuildPhase section */

/* Begin PBXGroup section */
		A09497D0254B557C00A1393A = {
			isa = PBXGroup;
			children = (
				A09497DB254B557C00A1393A /* gradient */,
				A09497DA254B557C00A1393A /* Products */,
			);
			sourceTree = "<group>";
		};
		A09497DA254B557C00A1393A /* Products */ = {
			isa = PBXGroup;
			children = (
				A09497D9254B557C00A1393A /* gradient.app */,
			);
			name = Products;
			sourceTree = "<group>";
		};
		A09497DB254B557C00A1393A /* gradient */ = {
			isa = PBXGroup;
			children = (
				A09497DC254B557C00A1393A /* AppDelegate.swift */,
				A09497DE254B557C00A1393A /* SceneDelegate.swift */,
				A09497E0254B557C00A1393A /* ViewController.swift */,
				A09497E2254B557C00A1393A /* Main.storyboard */,
				A09497E5254B557D00A1393A /* Assets.xcassets */,
				A09497E7254B557D00A1393A /* LaunchScreen.storyboard */,
				A09497EA254B557D00A1393A /* Info.plist */,
				A09497F1254B56F800A1393A /* GradientTableViewCell.swift */,
				A09497F2254B56F800A1393A /* GradientTableViewCell.xib */,
			);
			path = gradient;
			sourceTree = "<group>";
		};
/* End PBXGroup section */

/* Begin PBXNativeTarget section */
		A09497D8254B557C00A1393A /* gradient */ = {
			isa = PBXNativeTarget;
			buildConfigurationList = A09497ED254B557D00A1393A /* Build configuration list for PBXNativeTarget "gradient" */;
			buildPhases = (
				A09497D5254B557C00A1393A /* Sources */,
				A09497D6254B557C00A1393A /* Frameworks */,
				A09497D7254B557C00A1393A /* Resources */,
			);
			buildRules = (
			);
			dependencies = (
			);
			name = gradient;
			productName = gradient;
			productReference = A09497D9254B557C00A1393A /* gradient.app */;
			productType = "com.apple.product-type.application";
		};
/* End PBXNativeTarget section */

/* Begin PBXProject section */
		A09497D1254B557C00A1393A /* Project object */ = {
			isa = PBXProject;
			attributes = {
				LastSwiftUpdateCheck = 1200;
				LastUpgradeCheck = 1200;
				TargetAttributes = {
					A09497D8254B557C00A1393A = {
						CreatedOnToolsVersion = 12.0.1;
					};
				};
			};
			buildConfigurationList = A09497D4254B557C00A1393A /* Build configuration list for PBXProject "gradient" */;
			compatibilityVersion = "Xcode 9.3";
			developmentRegion = en;
			hasScannedForEncodings = 0;
			knownRegions = (
				en,
				Base,
			);
			mainGroup = A09497D0254B557C00A1393A;
			productRefGroup = A09497DA254B557C00A1393A /* Products */;
			projectDirPath = "";
			projectRoot = "";
			targets = (
				A09497D8254B557C00A1393A /* gradient */,
			);
		};
/* End PBXProject section */

/* Begin PBXResourcesBuildPhase section */
		A09497D7254B557C00A1393A /* Resources */ = {
			isa = PBXResourcesBuildPhase;
			buildActionMask = 2147483647;
			files = (
				A09497E9254B557D00A1393A /* LaunchScreen.storyboard in Resources */,
				A09497E6254B557D00A1393A /* Assets.xcassets in Resources */,
				A09497E4254B557C00A1393A /* Main.storyboard in Resources */,
				A09497F4254B56F800A1393A /* GradientTableViewCell.xib in Resources */,
			);
			runOnlyForDeploymentPostprocessing = 0;
		};
/* End PBXResourcesBuildPhase section */

/* Begin PBXSourcesBuildPhase section */
		A09497D5254B557C00A1393A /* Sources */ = {
			isa = PBXSourcesBuildPhase;
			buildActionMask = 2147483647;
			files = (
				A09497E1254B557C00A1393A /* ViewController.swift in Sources */,
				A09497DD254B557C00A1393A /* AppDelegate.swift in Sources */,
				A09497DF254B557C00A1393A /* SceneDelegate.swift in Sources */,
				A09497F3254B56F800A1393A /* GradientTableViewCell.swift in Sources */,
			);
			runOnlyForDeploymentPostprocessing = 0;
		};
/* End PBXSourcesBuildPhase section */

/* Begin PBXVariantGroup section */
		A09497E2254B557C00A1393A /* Main.storyboard */ = {
			isa = PBXVariantGroup;
			children = (
				A09497E3254B557C00A1393A /* Base */,
			);
			name = Main.storyboard;
			sourceTree = "<group>";
		};
		A09497E7254B557D00A1393A /* LaunchScreen.storyboard */ = {
			isa = PBXVariantGroup;
			children = (
				A09497E8254B557D00A1393A /* Base */,
			);
			name = LaunchScreen.storyboard;
			sourceTree = "<group>";
		};
/* End PBXVariantGroup section */

/* Begin XCBuildConfiguration section */
		A09497EB254B557D00A1393A /* Debug */ = {
			isa = XCBuildConfiguration;
			buildSettings = {
				ALWAYS_SEARCH_USER_PATHS = NO;
				CLANG_ANALYZER_NONNULL = YES;
				CLANG_ANALYZER_NUMBER_OBJECT_CONVERSION = YES_AGGRESSIVE;
				CLANG_CXX_LANGUAGE_STANDARD = "gnu++14";
				CLANG_CXX_LIBRARY = "libc++";
				CLANG_ENABLE_MODULES = YES;
				CLANG_ENABLE_OBJC_ARC = YES;
				CLANG_ENABLE_OBJC_WEAK = YES;
				CLANG_WARN_BLOCK_CAPTURE_AUTORELEASING = YES;
				CLANG_WARN_BOOL_CONVERSION = YES;
				CLANG_WARN_COMMA = YES;
				CLANG_WARN_CONSTANT_CONVERSION = YES;
				CLANG_WARN_DEPRECATED_OBJC_IMPLEMENTATIONS = YES;
				CLANG_WARN_DIRECT_OBJC_ISA_USAGE = YES_ERROR;
				CLANG_WARN_DOCUMENTATION_COMMENTS = YES;
				CLANG_WARN_EMPTY_BODY = YES;
				CLANG_WARN_ENUM_CONVERSION = YES;
				CLANG_WARN_INFINITE_RECURSION = YES;
				CLANG_WARN_INT_CONVERSION = YES;
				CLANG_WARN_NON_LITERAL_NULL_CONVERSION = YES;
				CLANG_WARN_OBJC_IMPLICIT_RETAIN_SELF = YES;
				CLANG_WARN_OBJC_LITERAL_CONVERSION = YES;
				CLANG_WARN_OBJC_ROOT_CLASS = YES_ERROR;
				CLANG_WARN_QUOTED_INCLUDE_IN_FRAMEWORK_HEADER = YES;
				CLANG_WARN_RANGE_LOOP_ANALYSIS = YES;
				CLANG_WARN_STRICT_PROTOTYPES = YES;
				CLANG_WARN_SUSPICIOUS_MOVE = YES;
				CLANG_WARN_UNGUARDED_AVAILABILITY = YES_AGGRESSIVE;
				CLANG_WARN_UNREACHABLE_CODE = YES;
				CLANG_WARN__DUPLICATE_METHOD_MATCH = YES;
				COPY_PHASE_STRIP = NO;
				DEBUG_INFORMATION_FORMAT = dwarf;
				ENABLE_STRICT_OBJC_MSGSEND = YES;
				ENABLE_TESTABILITY = YES;
				GCC_C_LANGUAGE_STANDARD = gnu11;
				GCC_DYNAMIC_NO_PIC = NO;
				GCC_NO_COMMON_BLOCKS = YES;
				GCC_OPTIMIZATION_LEVEL = 0;
				GCC_PREPROCESSOR_DEFINITIONS = (
					"DEBUG=1",
					"$(inherited)",
				);
				GCC_WARN_64_TO_32_BIT_CONVERSION = YES;
				GCC_WARN_ABOUT_RETURN_TYPE = YES_ERROR;
				GCC_WARN_UNDECLARED_SELECTOR = YES;
				GCC_WARN_UNINITIALIZED_AUTOS = YES_AGGRESSIVE;
				GCC_WARN_UNUSED_FUNCTION = YES;
				GCC_WARN_UNUSED_VARIABLE = YES;
				IPHONEOS_DEPLOYMENT_TARGET = 14.0;
				MTL_ENABLE_DEBUG_INFO = INCLUDE_SOURCE;
				MTL_FAST_MATH = YES;
				ONLY_ACTIVE_ARCH = YES;
				SDKROOT = iphoneos;
				SWIFT_ACTIVE_COMPILATION_CONDITIONS = DEBUG;
				SWIFT_OPTIMIZATION_LEVEL = "-Onone";
			};
			name = Debug;
		};
		A09497EC254B557D00A1393A /* Release */ = {
			isa = XCBuildConfiguration;
			buildSettings = {
				ALWAYS_SEARCH_USER_PATHS = NO;
				CLANG_ANALYZER_NONNULL = YES;
				CLANG_ANALYZER_NUMBER_OBJECT_CONVERSION = YES_AGGRESSIVE;
				CLANG_CXX_LANGUAGE_STANDARD = "gnu++14";
				CLANG_CXX_LIBRARY = "libc++";
				CLANG_ENABLE_MODULES = YES;
				CLANG_ENABLE_OBJC_ARC = YES;
				CLANG_ENABLE_OBJC_WEAK = YES;
				CLANG_WARN_BLOCK_CAPTURE_AUTORELEASING = YES;
				CLANG_WARN_BOOL_CONVERSION = YES;
				CLANG_WARN_COMMA = YES;
				CLANG_WARN_CONSTANT_CONVERSION = YES;
				CLANG_WARN_DEPRECATED_OBJC_IMPLEMENTATIONS = YES;
				CLANG_WARN_DIRECT_OBJC_ISA_USAGE = YES_ERROR;
				CLANG_WARN_DOCUMENTATION_COMMENTS = YES;
				CLANG_WARN_EMPTY_BODY = YES;
				CLANG_WARN_ENUM_CONVERSION = YES;
				CLANG_WARN_INFINITE_RECURSION = YES;
				CLANG_WARN_INT_CONVERSION = YES;
				CLANG_WARN_NON_LITERAL_NULL_CONVERSION = YES;
				CLANG_WARN_OBJC_IMPLICIT_RETAIN_SELF = YES;
				CLANG_WARN_OBJC_LITERAL_CONVERSION = YES;
				CLANG_WARN_OBJC_ROOT_CLASS = YES_ERROR;
				CLANG_WARN_QUOTED_INCLUDE_IN_FRAMEWORK_HEADER = YES;
				CLANG_WARN_RANGE_LOOP_ANALYSIS = YES;
				CLANG_WARN_STRICT_PROTOTYPES = YES;
				CLANG_WARN_SUSPICIOUS_MOVE = YES;
				CLANG_WARN_UNGUARDED_AVAILABILITY = YES_AGGRESSIVE;
				CLANG_WARN_UNREACHABLE_CODE = YES;
				CLANG_WARN__DUPLICATE_METHOD_MATCH = YES;
				COPY_PHASE_STRIP = NO;
				DEBUG_INFORMATION_FORMAT = "dwarf-with-dsym";
				ENABLE_NS_ASSERTIONS = NO;
				ENABLE_STRICT_OBJC_MSGSEND = YES;
				GCC_C_LANGUAGE_STANDARD = gnu11;
				GCC_NO_COMMON_BLOCKS = YES;
				GCC_WARN_64_TO_32_BIT_CONVERSION = YES;
				GCC_WARN_ABOUT_RETURN_TYPE = YES_ERROR;
				GCC_WARN_UNDECLARED_SELECTOR = YES;
				GCC_WARN_UNINITIALIZED_AUTOS = YES_AGGRESSIVE;
				GCC_WARN_UNUSED_FUNCTION = YES;
				GCC_WARN_UNUSED_VARIABLE = YES;
				IPHONEOS_DEPLOYMENT_TARGET = 14.0;
				MTL_ENABLE_DEBUG_INFO = NO;
				MTL_FAST_MATH = YES;
				SDKROOT = iphoneos;
				SWIFT_COMPILATION_MODE = wholemodule;
				SWIFT_OPTIMIZATION_LEVEL = "-O";
				VALIDATE_PRODUCT = YES;
			};
			name = Release;
		};
		A09497EE254B557D00A1393A /* Debug */ = {
			isa = XCBuildConfiguration;
			buildSettings = {
				ASSETCATALOG_COMPILER_APPICON_NAME = AppIcon;
				ASSETCATALOG_COMPILER_GLOBAL_ACCENT_COLOR_NAME = AccentColor;
				CODE_SIGN_STYLE = Automatic;
				INFOPLIST_FILE = gradient/Info.plist;
				LD_RUNPATH_SEARCH_PATHS = (
					"$(inherited)",
					"@executable_path/Frameworks",
				);
				PRODUCT_BUNDLE_IDENTIFIER = test.gradient;
				PRODUCT_NAME = "$(TARGET_NAME)";
				SWIFT_VERSION = 5.0;
				TARGETED_DEVICE_FAMILY = "1,2";
			};
			name = Debug;
		};
		A09497EF254B557D00A1393A /* Release */ = {
			isa = XCBuildConfiguration;
			buildSettings = {
				ASSETCATALOG_COMPILER_APPICON_NAME = AppIcon;
				ASSETCATALOG_COMPILER_GLOBAL_ACCENT_COLOR_NAME = AccentColor;
				CODE_SIGN_STYLE = Automatic;
				INFOPLIST_FILE = gradient/Info.plist;
				LD_RUNPATH_SEARCH_PATHS = (
					"$(inherited)",
					"@executable_path/Frameworks",
				);
				PRODUCT_BUNDLE_IDENTIFIER = test.gradient;
				PRODUCT_NAME = "$(TARGET_NAME)";
				SWIFT_VERSION = 5.0;
				TARGETED_DEVICE_FAMILY = "1,2";
			};
			name = Release;
		};
/* End XCBuildConfiguration section */

/* Begin XCConfigurationList section */
		A09497D4254B557C00A1393A /* Build configuration list for PBXProject "gradient" */ = {
			isa = XCConfigurationList;
			buildConfigurations = (
				A09497EB254B557D00A1393A /* Debug */,
				A09497EC254B557D00A1393A /* Release */,
			);
			defaultConfigurationIsVisible = 0;
			defaultConfigurationName = Release;
		};
		A09497ED254B557D00A1393A /* Build configuration list for PBXNativeTarget "gradient" */ = {
			isa = XCConfigurationList;
			buildConfigurations = (
				A09497EE254B557D00A1393A /* Debug */,
				A09497EF254B557D00A1393A /* Release */,
			);
			defaultConfigurationIsVisible = 0;
			defaultConfigurationName = Release;
		};
/* End XCConfigurationList section */
	};
	rootObject = A09497D1254B557C00A1393A /* Project object */;
}
